
Microsoft Visual Studio Solution File, Format Version 12.00
# Visual Studio Version 17
VisualStudioVersion = 17.14.36327.8 d17.14
MinimumVisualStudioVersion = 10.0.40219.1
Project("{FAE04EC0-301F-11D3-BF4B-00C04F79EFBC}") = "MVC Modelbinding", "MVC Modelbinding\MVC Modelbinding.csproj", "{AFEDA0B6-0786-4B4D-BE26-F8D0485974FA}"
EndProject
Global
	GlobalSection(SolutionConfigurationPlatforms) = preSolution
		Debug|Any CPU = Debug|Any CPU
		Release|Any CPU = Release|Any CPU
	EndGlobalSection
	GlobalSection(ProjectConfigurationPlatforms) = postSolution
		{AFEDA0B6-0786-4B4D-BE26-F8D0485974FA}.Debug|Any CPU.ActiveCfg = Debug|Any CPU
		{AFEDA0B6-0786-4B4D-BE26-F8D0485974FA}.Debug|Any CPU.Build.0 = Debug|Any CPU
		{AFEDA0B6-0786-4B4D-BE26-F8D0485974FA}.Release|Any CPU.ActiveCfg = Release|Any CPU
		{AFEDA0B6-0786-4B4D-BE26-F8D0485974FA}.Release|Any CPU.Build.0 = Release|Any CPU
	EndGlobalSection
	GlobalSection(SolutionProperties) = preSolution
		HideSolutionNode = FALSE
	EndGlobalSection
	GlobalSection(ExtensibilityGlobals) = postSolution
		SolutionGuid = {1114B207-DE1C-49A0-90AB-553281482F0E}
	EndGlobalSection
EndGlobal
